Microsoft Visual Studio Solution File, Format Version 12.00
# Visual Studio Version 17
VisualStudioVersion = 17.0.31903.59
MinimumVisualStudioVersion = 10.0.40219.1
Project("{2150E333-8FDC-42A3-9474-1A3956D46DE8}") = "src", "src", "{827E0CD3-B72D-47B6-A68D-7590B98EB39B}"
EndProject
Project("{2150E333-8FDC-42A3-9474-1A3956D46DE8}") = "tests", "tests", "{F2A71F9B-5D33-465A-B9C2-BFABD2BD2000}"
EndProject
Project("{FAE04EC0-301F-11D3-BF4B-00C04F79EFBC}") = "TechWayFit.Pulse.Web", "src\TechWayFit.Pulse.Web\TechWayFit.Pulse.Web.csproj", "{63F90067-1C29-4BDD-852E-5095D211DE5A}"
EndProject
Project("{FAE04EC0-301F-11D3-BF4B-00C04F79EFBC}") = "TechWayFit.Pulse.Application", "src\TechWayFit.Pulse.Application\TechWayFit.Pulse.Application.csproj", "{49A5345D-5ACF-4E6E-AF3D-99D754654ED5}"
EndProject
Project("{FAE04EC0-301F-11D3-BF4B-00C04F79EFBC}") = "TechWayFit.Pulse.Domain", "src\TechWayFit.Pulse.Domain\TechWayFit.Pulse.Domain.csproj", "{129DFEF7-07C1-43EF-A87E-4AEEE97FF6A0}"
EndProject
Project("{FAE04EC0-301F-11D3-BF4B-00C04F79EFBC}") = "TechWayFit.Pulse.Infrastructure", "src\TechWayFit.Pulse.Infrastructure\TechWayFit.Pulse.Infrastructure.csproj", "{BC9AD69C-A9D2-4C65-9C33-0E74C9C721AF}"
EndProject
Project("{FAE04EC0-301F-11D3-BF4B-00C04F79EFBC}") = "TechWayFit.Pulse.Contracts", "src\TechWayFit.Pulse.Contracts\TechWayFit.Pulse.Contracts.csproj", "{92A5E382-7FFA-412F-8E73-13F6660FC300}"
EndProject
Project("{FAE04EC0-301F-11D3-BF4B-00C04F79EFBC}") = "TechWayFit.Pulse.Tests", "tests\TechWayFit.Pulse.Tests\TechWayFit.Pulse.Tests.csproj", "{A1B2C3D4-E5F6-7890-ABCD-EF1234567890}"
EndProject
Global
	GlobalSection(SolutionConfigurationPlatforms) = preSolution
		Debug|Any CPU = Debug|Any CPU
		Debug|x64 = Debug|x64
		Debug|x86 = Debug|x86
		Release|Any CPU = Release|Any CPU
		Release|x64 = Release|x64
		Release|x86 = Release|x86
	EndGlobalSection
	GlobalSection(ProjectConfigurationPlatforms) = postSolution
		{63F90067-1C29-4BDD-852E-5095D211DE5A}.Debug|Any CPU.ActiveCfg = Debug|Any CPU
		{63F90067-1C29-4BDD-852E-5095D211DE5A}.Debug|Any CPU.Build.0 = Debug|Any CPU
		{63F90067-1C29-4BDD-852E-5095D211DE5A}.Debug|x64.ActiveCfg = Debug|Any CPU
		{63F90067-1C29-4BDD-852E-5095D211DE5A}.Debug|x64.Build.0 = Debug|Any CPU
		{63F90067-1C29-4BDD-852E-5095D211DE5A}.Debug|x86.ActiveCfg = Debug|Any CPU
		{63F90067-1C29-4BDD-852E-5095D211DE5A}.Debug|x86.Build.0 = Debug|Any CPU
		{63F90067-1C29-4BDD-852E-5095D211DE5A}.Release|Any CPU.ActiveCfg = Release|Any CPU
		{63F90067-1C29-4BDD-852E-5095D211DE5A}.Release|Any CPU.Build.0 = Release|Any CPU
		{63F90067-1C29-4BDD-852E-5095D211DE5A}.Release|x64.ActiveCfg = Release|Any CPU
		{63F90067-1C29-4BDD-852E-5095D211DE5A}.Release|x64.Build.0 = Release|Any CPU
		{63F90067-1C29-4BDD-852E-5095D211DE5A}.Release|x86.ActiveCfg = Release|Any CPU
		{63F90067-1C29-4BDD-852E-5095D211DE5A}.Release|x86.Build.0 = Release|Any CPU
		{49A5345D-5ACF-4E6E-AF3D-99D754654ED5}.Debug|Any CPU.ActiveCfg = Debug|Any CPU
		{49A5345D-5ACF-4E6E-AF3D-99D754654ED5}.Debug|Any CPU.Build.0 = Debug|Any CPU
		{49A5345D-5ACF-4E6E-AF3D-99D754654ED5}.Debug|x64.ActiveCfg = Debug|Any CPU
		{49A5345D-5ACF-4E6E-AF3D-99D754654ED5}.Debug|x64.Build.0 = Debug|Any CPU
		{49A5345D-5ACF-4E6E-AF3D-99D754654ED5}.Debug|x86.ActiveCfg = Debug|Any CPU
		{49A5345D-5ACF-4E6E-AF3D-99D754654ED5}.Debug|x86.Build.0 = Debug|Any CPU
		{49A5345D-5ACF-4E6E-AF3D-99D754654ED5}.Release|Any CPU.ActiveCfg = Release|Any CPU
		{49A5345D-5ACF-4E6E-AF3D-99D754654ED5}.Release|Any CPU.Build.0 = Release|Any CPU
		{49A5345D-5ACF-4E6E-AF3D-99D754654ED5}.Release|x64.ActiveCfg = Release|Any CPU
		{49A5345D-5ACF-4E6E-AF3D-99D754654ED5}.Release|x64.Build.0 = Release|Any CPU
		{49A5345D-5ACF-4E6E-AF3D-99D754654ED5}.Release|x86.ActiveCfg = Release|Any CPU
		{49A5345D-5ACF-4E6E-AF3D-99D754654ED5}.Release|x86.Build.0 = Release|Any CPU
		{129DFEF7-07C1-43EF-A87E-4AEEE97FF6A0}.Debug|Any CPU.ActiveCfg = Debug|Any CPU
		{129DFEF7-07C1-43EF-A87E-4AEEE97FF6A0}.Debug|Any CPU.Build.0 = Debug|Any CPU
		{129DFEF7-07C1-43EF-A87E-4AEEE97FF6A0}.Debug|x64.ActiveCfg = Debug|Any CPU
		{129DFEF7-07C1-43EF-A87E-4AEEE97FF6A0}.Debug|x64.Build.0 = Debug|Any CPU
		{129DFEF7-07C1-43EF-A87E-4AEEE97FF6A0}.Debug|x86.ActiveCfg = Debug|Any CPU
		{129DFEF7-07C1-43EF-A87E-4AEEE97FF6A0}.Debug|x86.Build.0 = Debug|Any CPU
		{129DFEF7-07C1-43EF-A87E-4AEEE97FF6A0}.Release|Any CPU.ActiveCfg = Release|Any CPU
		{129DFEF7-07C1-43EF-A87E-4AEEE97FF6A0}.Release|Any CPU.Build.0 = Release|Any CPU
		{129DFEF7-07C1-43EF-A87E-4AEEE97FF6A0}.Release|x64.ActiveCfg = Release|Any CPU
		{129DFEF7-07C1-43EF-A87E-4AEEE97FF6A0}.Release|x64.Build.0 = Release|Any CPU
		{129DFEF7-07C1-43EF-A87E-4AEEE97FF6A0}.Release|x86.ActiveCfg = Release|Any CPU
		{129DFEF7-07C1-43EF-A87E-4AEEE97FF6A0}.Release|x86.Build.0 = Release|Any CPU
		{BC9AD69C-A9D2-4C65-9C33-0E74C9C721AF}.Debug|Any CPU.ActiveCfg = Debug|Any CPU
		{BC9AD69C-A9D2-4C65-9C33-0E74C9C721AF}.Debug|Any CPU.Build.0 = Debug|Any CPU
		{BC9AD69C-A9D2-4C65-9C33-0E74C9C721AF}.Debug|x64.ActiveCfg = Debug|Any CPU
		{BC9AD69C-A9D2-4C65-9C33-0E74C9C721AF}.Debug|x64.Build.0 = Debug|Any CPU
		{BC9AD69C-A9D2-4C65-9C33-0E74C9C721AF}.Debug|x86.ActiveCfg = Debug|Any CPU
		{BC9AD69C-A9D2-4C65-9C33-0E74C9C721AF}.Debug|x86.Build.0 = Debug|Any CPU
		{BC9AD69C-A9D2-4C65-9C33-0E74C9C721AF}.Release|Any CPU.ActiveCfg = Release|Any CPU
		{BC9AD69C-A9D2-4C65-9C33-0E74C9C721AF}.Release|Any CPU.Build.0 = Release|Any CPU
		{BC9AD69C-A9D2-4C65-9C33-0E74C9C721AF}.Release|x64.ActiveCfg = Release|Any CPU
		{BC9AD69C-A9D2-4C65-9C33-0E74C9C721AF}.Release|x64.Build.0 = Release|Any CPU
		{BC9AD69C-A9D2-4C65-9C33-0E74C9C721AF}.Release|x86.ActiveCfg = Debug|Any CPU
		{BC9AD69C-A9D2-4C65-9C33-0E74C9C721AF}.Release|x86.Build.0 = Debug|Any CPU
		{92A5E382-7FFA-412F-8E73-13F6660FC300}.Debug|Any CPU.ActiveCfg = Debug|Any CPU
		{92A5E382-7FFA-412F-8E73-13F6660FC300}.Debug|Any CPU.Build.0 = Debug|Any CPU
		{92A5E382-7FFA-412F-8E73-13F6660FC300}.Debug|x64.ActiveCfg = Debug|Any CPU
		{92A5E382-7FFA-412F-8E73-13F6660FC300}.Debug|x64.Build.0 = Debug|Any CPU
		{92A5E382-7FFA-412F-8E73-13F6660FC300}.Debug|x86.ActiveCfg = Debug|Any CPU
		{92A5E382-7FFA-412F-8E73-13F6660FC300}.Debug|x86.Build.0 = Debug|Any CPU
		{92A5E382-7FFA-412F-8E73-13F6660FC300}.Release|Any CPU.ActiveCfg = Release|Any CPU
		{92A5E382-7FFA-412F-8E73-13F6660FC300}.Release|Any CPU.Build.0 = Release|Any CPU
		{92A5E382-7FFA-412F-8E73-13F6660FC300}.Release|x64.ActiveCfg = Release|Any CPU
		{92A5E382-7FFA-412F-8E73-13F6660FC300}.Release|x64.Build.0 = Release|Any CPU
		{92A5E382-7FFA-412F-8E73-13F6660FC300}.Release|x86.ActiveCfg = Release|Any CPU
		{92A5E382-7FFA-412F-8E73-13F6660FC300}.Release|x86.Build.0 = Release|Any CPU
		{A1B2C3D4-E5F6-7890-ABCD-EF1234567890}.Debug|Any CPU.ActiveCfg = Debug|Any CPU
		{A1B2C3D4-E5F6-7890-ABCD-EF1234567890}.Debug|Any CPU.Build.0 = Debug|Any CPU
		{A1B2C3D4-E5F6-7890-ABCD-EF1234567890}.Debug|x64.ActiveCfg = Debug|Any CPU
		{A1B2C3D4-E5F6-7890-ABCD-EF1234567890}.Debug|x64.Build.0 = Debug|Any CPU
		{A1B2C3D4-E5F6-7890-ABCD-EF1234567890}.Debug|x86.ActiveCfg = Debug|Any CPU
		{A1B2C3D4-E5F6-7890-ABCD-EF1234567890}.Debug|x86.Build.0 = Debug|Any CPU
		{A1B2C3D4-E5F6-7890-ABCD-EF1234567890}.Release|Any CPU.ActiveCfg = Release|Any CPU
		{A1B2C3D4-E5F6-7890-ABCD-EF1234567890}.Release|Any CPU.Build.0 = Release|Any CPU
		{A1B2C3D4-E5F6-7890-ABCD-EF1234567890}.Release|x64.ActiveCfg = Release|Any CPU
		{A1B2C3D4-E5F6-7890-ABCD-EF1234567890}.Release|x64.Build.0 = Release|Any CPU
		{A1B2C3D4-E5F6-7890-ABCD-EF1234567890}.Release|x86.ActiveCfg = Release|Any CPU
		{A1B2C3D4-E5F6-7890-ABCD-EF1234567890}.Release|x86.Build.0 = Release|Any CPU
	EndGlobalSection
	GlobalSection(SolutionProperties) = preSolution
		HideSolutionNode = FALSE
	EndGlobalSection
	GlobalSection(NestedProjects) = preSolution
		{63F90067-1C29-4BDD-852E-5095D211DE5A} = {827E0CD3-B72D-47B6-A68D-7590B98EB39B}
		{49A5345D-5ACF-4E6E-AF3D-99D754654ED5} = {827E0CD3-B72D-47B6-A68D-7590B98EB39B}
		{129DFEF7-07C1-43EF-A87E-4AEEE97FF6A0} = {827E0CD3-B72D-47B6-A68D-7590B98EB39B}
		{BC9AD69C-A9D2-4C65-9C33-0E74C9C721AF} = {827E0CD3-B72D-47B6-A68D-7590B98EB39B}
		{92A5E382-7FFA-412F-8E73-13F6660FC300} = {827E0CD3-B72D-47B6-A68D-7590B98EB39B}
		{A1B2C3D4-E5F6-7890-ABCD-EF1234567890} = {F2A71F9B-5D33-465A-B9C2-BFABD2BD2000}
	EndGlobalSection
EndGlobal
